
Microsoft Visual Studio Solution File, Format Version 12.00
# Visual Studio Version 16
VisualStudioVersion = 16.0.29418.71
MinimumVisualStudioVersion = 10.0.40219.1
Project("{FAE04EC0-301F-11D3-BF4B-00C04F79EFBC}") = "calc", "calc\calc.csproj", "{E5846C67-0C1B-40F3-88E7-84F496851A51}"
EndProject
Global
	GlobalSection(SolutionConfigurationPlatforms) = preSolution
		Debug|Any CPU = Debug|Any CPU
		Release|Any CPU = Release|Any CPU
	EndGlobalSection
	GlobalSection(ProjectConfigurationPlatforms) = postSolution
		{E5846C67-0C1B-40F3-88E7-84F496851A51}.Debug|Any CPU.ActiveCfg = Debug|Any CPU
		{E5846C67-0C1B-40F3-88E7-84F496851A51}.Debug|Any CPU.Build.0 = Debug|Any CPU
		{E5846C67-0C1B-40F3-88E7-84F496851A51}.Release|Any CPU.ActiveCfg = Release|Any CPU
		{E5846C67-0C1B-40F3-88E7-84F496851A51}.Release|Any CPU.Build.0 = Release|Any CPU
	EndGlobalSection
	GlobalSection(SolutionProperties) = preSolution
		HideSolutionNode = FALSE
	EndGlobalSection
	GlobalSection(ExtensibilityGlobals) = postSolution
		SolutionGuid = {F823B722-3D3B-4168-8DFB-1E3C714B9AC0}
	EndGlobalSection
EndGlobal
